
Microsoft Visual Studio Solution File, Format Version 12.00
# Visual Studio 15
Project("{FAE04EC0-301F-11D3-BF4B-00C04F79EFBC}") = "Assembly-CSharp", "Assembly-CSharp.csproj", "{F6C15E2F-4609-CA4D-1B7B-5B7D56D70CD6}"
EndProject
Project("{FAE04EC0-301F-11D3-BF4B-00C04F79EFBC}") = "Assembly-CSharp-Editor", "Assembly-CSharp-Editor.csproj", "{6812DB0F-9422-C77F-DAD7-1033BBAE9E9B}"
EndProject
Global
	GlobalSection(SolutionConfigurationPlatforms) = preSolution
		Debug|Any CPU = Debug|Any CPU
		Release|Any CPU = Release|Any CPU
	EndGlobalSection
	GlobalSection(ProjectConfigurationPlatforms) = postSolution
		{F6C15E2F-4609-CA4D-1B7B-5B7D56D70CD6}.Debug|Any CPU.ActiveCfg = Debug|Any CPU
		{F6C15E2F-4609-CA4D-1B7B-5B7D56D70CD6}.Debug|Any CPU.Build.0 = Debug|Any CPU
		{F6C15E2F-4609-CA4D-1B7B-5B7D56D70CD6}.Release|Any CPU.ActiveCfg = Release|Any CPU
		{F6C15E2F-4609-CA4D-1B7B-5B7D56D70CD6}.Release|Any CPU.Build.0 = Release|Any CPU
		{6812DB0F-9422-C77F-DAD7-1033BBAE9E9B}.Debug|Any CPU.ActiveCfg = Debug|Any CPU
		{6812DB0F-9422-C77F-DAD7-1033BBAE9E9B}.Debug|Any CPU.Build.0 = Debug|Any CPU
		{6812DB0F-9422-C77F-DAD7-1033BBAE9E9B}.Release|Any CPU.ActiveCfg = Release|Any CPU
		{6812DB0F-9422-C77F-DAD7-1033BBAE9E9B}.Release|Any CPU.Build.0 = Release|Any CPU
	EndGlobalSection
	GlobalSection(SolutionProperties) = preSolution
		HideSolutionNode = FALSE
	EndGlobalSection
EndGlobal
